
Microsoft Visual Studio Solution File, Format Version 12.00
# Visual Studio Version 17
VisualStudioVersion = 17.4.33213.308
MinimumVisualStudioVersion = 10.0.40219.1
Project("{FAE04EC0-301F-11D3-BF4B-00C04F79EFBC}") = "AddressBook", "AddressBook\AddressBook.csproj", "{2E39535F-BD1E-4617-A65D-DCF10C2B567C}"
EndProject
Global
	GlobalSection(SolutionConfigurationPlatforms) = preSolution
		Debug|Any CPU = Debug|Any CPU
		Release|Any CPU = Release|Any CPU
	EndGlobalSection
	GlobalSection(ProjectConfigurationPlatforms) = postSolution
		{2E39535F-BD1E-4617-A65D-DCF10C2B567C}.Debug|Any CPU.ActiveCfg = Debug|Any CPU
		{2E39535F-BD1E-4617-A65D-DCF10C2B567C}.Debug|Any CPU.Build.0 = Debug|Any CPU
		{2E39535F-BD1E-4617-A65D-DCF10C2B567C}.Release|Any CPU.ActiveCfg = Release|Any CPU
		{2E39535F-BD1E-4617-A65D-DCF10C2B567C}.Release|Any CPU.Build.0 = Release|Any CPU
	EndGlobalSection
	GlobalSection(SolutionProperties) = preSolution
		HideSolutionNode = FALSE
	EndGlobalSection
	GlobalSection(ExtensibilityGlobals) = postSolution
		SolutionGuid = {2F10E9A7-866A-4825-B750-0385F3B436D1}
	EndGlobalSection
EndGlobal
